
Microsoft Visual Studio Solution File, Format Version 12.00
# Visual Studio Version 16
VisualStudioVersion = 16.0.30517.126
MinimumVisualStudioVersion = 10.0.40219.1
Project("{159641D6-6404-4A2A-AE62-294DE0FE8301}") = "CLLAIntelligentETLSausage", "CLLAIntelligentETLSausage\CLLAIntelligentETLSausage.dtproj", "{E08D4AF6-572F-47DA-A621-F9049CC4D976}"
EndProject
Project("{159641D6-6404-4A2A-AE62-294DE0FE8301}") = "CLLAIntelligentETLDataWarehouse", "CLLAIntelligentETLDataWarehouse\CLLAIntelligentETLDataWarehouse.dtproj", "{18C876A2-029F-4611-83E3-C094BFD1E125}"
EndProject
Global
	GlobalSection(SolutionConfigurationPlatforms) = preSolution
		Debug|Any CPU = Debug|Any CPU
		Development|Any CPU = Development|Any CPU
		Release|Any CPU = Release|Any CPU
	EndGlobalSection
	GlobalSection(ProjectConfigurationPlatforms) = postSolution
		{E08D4AF6-572F-47DA-A621-F9049CC4D976}.Debug|Any CPU.ActiveCfg = Development
		{E08D4AF6-572F-47DA-A621-F9049CC4D976}.Debug|Any CPU.Build.0 = Development
		{E08D4AF6-572F-47DA-A621-F9049CC4D976}.Development|Any CPU.ActiveCfg = Development
		{E08D4AF6-572F-47DA-A621-F9049CC4D976}.Development|Any CPU.Build.0 = Development
		{E08D4AF6-572F-47DA-A621-F9049CC4D976}.Release|Any CPU.ActiveCfg = Development
		{E08D4AF6-572F-47DA-A621-F9049CC4D976}.Release|Any CPU.Build.0 = Development
		{18C876A2-029F-4611-83E3-C094BFD1E125}.Debug|Any CPU.ActiveCfg = Development
		{18C876A2-029F-4611-83E3-C094BFD1E125}.Debug|Any CPU.Build.0 = Development
		{18C876A2-029F-4611-83E3-C094BFD1E125}.Development|Any CPU.ActiveCfg = Development
		{18C876A2-029F-4611-83E3-C094BFD1E125}.Development|Any CPU.Build.0 = Development
		{18C876A2-029F-4611-83E3-C094BFD1E125}.Release|Any CPU.ActiveCfg = Development
		{18C876A2-029F-4611-83E3-C094BFD1E125}.Release|Any CPU.Build.0 = Development
	EndGlobalSection
	GlobalSection(SolutionProperties) = preSolution
		HideSolutionNode = FALSE
	EndGlobalSection
	GlobalSection(ExtensibilityGlobals) = postSolution
		SolutionGuid = {113A37E8-6B7A-4E65-8439-2F3AD72EFDBB}
	EndGlobalSection
EndGlobal
