
Microsoft Visual Studio Solution File, Format Version 12.00
# Visual Studio Version 16
VisualStudioVersion = 16.0.30517.126
MinimumVisualStudioVersion = 10.0.40219.1
Project("{159641D6-6404-4A2A-AE62-294DE0FE8301}") = "CLLAIntelligentETLDataWarehouse", "CLLAIntelligentETLDataWarehouse\CLLAIntelligentETLDataWarehouse.dtproj", "{18C876A2-029F-4611-83E3-C094BFD1E125}"
EndProject
Project("{FAE04EC0-301F-11D3-BF4B-00C04F79EFBC}") = "CLLAIntelligentSausage", "CLLAIntelligentSausage\CLLAIntelligentSausage.csproj", "{FABD3A80-B5C4-4C2A-80E3-E8145EF085B3}"
EndProject
Global
	GlobalSection(SolutionConfigurationPlatforms) = preSolution
		Debug|Any CPU = Debug|Any CPU
		Debug|x86 = Debug|x86
		Development|Any CPU = Development|Any CPU
		Development|x86 = Development|x86
		Release|Any CPU = Release|Any CPU
		Release|x86 = Release|x86
	EndGlobalSection
	GlobalSection(ProjectConfigurationPlatforms) = postSolution
		{18C876A2-029F-4611-83E3-C094BFD1E125}.Debug|Any CPU.ActiveCfg = Development
		{18C876A2-029F-4611-83E3-C094BFD1E125}.Debug|Any CPU.Build.0 = Development
		{18C876A2-029F-4611-83E3-C094BFD1E125}.Debug|x86.ActiveCfg = Development
		{18C876A2-029F-4611-83E3-C094BFD1E125}.Debug|x86.Build.0 = Development
		{18C876A2-029F-4611-83E3-C094BFD1E125}.Development|Any CPU.ActiveCfg = Development
		{18C876A2-029F-4611-83E3-C094BFD1E125}.Development|Any CPU.Build.0 = Development
		{18C876A2-029F-4611-83E3-C094BFD1E125}.Development|x86.ActiveCfg = Development
		{18C876A2-029F-4611-83E3-C094BFD1E125}.Development|x86.Build.0 = Development
		{18C876A2-029F-4611-83E3-C094BFD1E125}.Release|Any CPU.ActiveCfg = Development
		{18C876A2-029F-4611-83E3-C094BFD1E125}.Release|Any CPU.Build.0 = Development
		{18C876A2-029F-4611-83E3-C094BFD1E125}.Release|x86.ActiveCfg = Development
		{18C876A2-029F-4611-83E3-C094BFD1E125}.Release|x86.Build.0 = Development
		{FABD3A80-B5C4-4C2A-80E3-E8145EF085B3}.Debug|Any CPU.ActiveCfg = Debug|Any CPU
		{FABD3A80-B5C4-4C2A-80E3-E8145EF085B3}.Debug|Any CPU.Build.0 = Debug|Any CPU
		{FABD3A80-B5C4-4C2A-80E3-E8145EF085B3}.Debug|x86.ActiveCfg = Debug|Any CPU
		{FABD3A80-B5C4-4C2A-80E3-E8145EF085B3}.Debug|x86.Build.0 = Debug|Any CPU
		{FABD3A80-B5C4-4C2A-80E3-E8145EF085B3}.Development|Any CPU.ActiveCfg = Debug|Any CPU
		{FABD3A80-B5C4-4C2A-80E3-E8145EF085B3}.Development|Any CPU.Build.0 = Debug|Any CPU
		{FABD3A80-B5C4-4C2A-80E3-E8145EF085B3}.Development|x86.ActiveCfg = Debug|Any CPU
		{FABD3A80-B5C4-4C2A-80E3-E8145EF085B3}.Development|x86.Build.0 = Debug|Any CPU
		{FABD3A80-B5C4-4C2A-80E3-E8145EF085B3}.Release|Any CPU.ActiveCfg = Release|Any CPU
		{FABD3A80-B5C4-4C2A-80E3-E8145EF085B3}.Release|Any CPU.Build.0 = Release|Any CPU
		{FABD3A80-B5C4-4C2A-80E3-E8145EF085B3}.Release|x86.ActiveCfg = Release|Any CPU
		{FABD3A80-B5C4-4C2A-80E3-E8145EF085B3}.Release|x86.Build.0 = Release|Any CPU
	EndGlobalSection
	GlobalSection(SolutionProperties) = preSolution
		HideSolutionNode = FALSE
	EndGlobalSection
	GlobalSection(ExtensibilityGlobals) = postSolution
		SolutionGuid = {113A37E8-6B7A-4E65-8439-2F3AD72EFDBB}
	EndGlobalSection
EndGlobal
